
Microsoft Visual Studio Solution File, Format Version 12.00
# Visual Studio 2013
VisualStudioVersion = 12.0.40629.0
MinimumVisualStudioVersion = 10.0.40219.1
Project("{2150E333-8FDC-42A3-9474-1A3956D46DE8}") = "MangoFramework", "MangoFramework", "{879E65FC-9A61-49ED-AD6F-9114A8D1D227}"
EndProject
Project("{2150E333-8FDC-42A3-9474-1A3956D46DE8}") = "Presentation", "Presentation", "{73422EF8-06AF-44F2-A3B6-1999D83D44EA}"
EndProject
Project("{2150E333-8FDC-42A3-9474-1A3956D46DE8}") = "Sample", "Sample", "{33939BDE-1882-4C78-8127-DD81B4B0F35E}"
EndProject
Project("{FAE04EC0-301F-11D3-BF4B-00C04F79EFBC}") = "MangoFramework", "MangoFramework\MangoFramework.csproj", "{A3A45048-E061-47EE-AE64-873F951A61D9}"
EndProject
Project("{FAE04EC0-301F-11D3-BF4B-00C04F79EFBC}") = "MangoFramework.Infrastructure", "MangoFramework.Infrastructure\MangoFramework.Infrastructure.csproj", "{BD0715C5-3295-4F30-A3E1-21598EE797A8}"
EndProject
Project("{2150E333-8FDC-42A3-9474-1A3956D46DE8}") = "Test", "Test", "{30DAC311-926A-4AE2-A9C3-8C768F9FB0D0}"
EndProject
Project("{FAE04EC0-301F-11D3-BF4B-00C04F79EFBC}") = "UnitTest", "UnitTest\UnitTest.csproj", "{380F0190-868A-48C1-9DB6-CCC1467670AA}"
EndProject
Project("{E24C65DC-7377-472B-9ABA-BC803B73C61A}") = "AngularMobile", "http://localhost:25025", "{EB1E9F43-D0A2-4CD1-AC0E-AA41DD6C5B56}"
	ProjectSection(WebsiteProperties) = preProject
		UseIISExpress = "true"
		TargetFrameworkMoniker = ".NETFramework,Version%3Dv4.5"
		Debug.AspNetCompiler.VirtualPath = "/localhost_25025"
		Debug.AspNetCompiler.PhysicalPath = "Presentation\AngularMobile\"
		Debug.AspNetCompiler.TargetPath = "PrecompiledWeb\localhost_25025\"
		Debug.AspNetCompiler.Updateable = "true"
		Debug.AspNetCompiler.ForceOverwrite = "true"
		Debug.AspNetCompiler.FixedNames = "false"
		Debug.AspNetCompiler.Debug = "True"
		Release.AspNetCompiler.VirtualPath = "/localhost_25025"
		Release.AspNetCompiler.PhysicalPath = "Presentation\AngularMobile\"
		Release.AspNetCompiler.TargetPath = "PrecompiledWeb\localhost_25025\"
		Release.AspNetCompiler.Updateable = "true"
		Release.AspNetCompiler.ForceOverwrite = "true"
		Release.AspNetCompiler.FixedNames = "false"
		Release.AspNetCompiler.Debug = "False"
		SlnRelativePath = "Presentation\AngularMobile\"
		DefaultWebSiteLanguage = "Visual C#"
	EndProjectSection
EndProject
Project("{FAE04EC0-301F-11D3-BF4B-00C04F79EFBC}") = "Test", "Test\Test.csproj", "{7FFC4CFB-3E6B-4BEB-AD03-CA3DFD644A78}"
EndProject
Project("{FAE04EC0-301F-11D3-BF4B-00C04F79EFBC}") = "QuartzDemo", "QuartzDemo\QuartzDemo.csproj", "{DEF2BE91-2FFA-4247-BB9B-F4713D40259F}"
EndProject
Project("{FAE04EC0-301F-11D3-BF4B-00C04F79EFBC}") = "Sample.Api", "Sample.Api\Sample.Api.csproj", "{1877B61C-0219-4E86-A5DD-5981F17C1D05}"
EndProject
Project("{FAE04EC0-301F-11D3-BF4B-00C04F79EFBC}") = "Sample.Dto", "Sample.Dto\Sample.Dto.csproj", "{FF36B6D0-77F4-4318-8CAD-ACE774A2D81F}"
EndProject
Project("{FAE04EC0-301F-11D3-BF4B-00C04F79EFBC}") = "Sample.Infrastructure", "Sample.Infrastructure\Sample.Infrastructure.csproj", "{CCF42250-78C8-42D8-A71A-D22EEE8A38A3}"
EndProject
Project("{FAE04EC0-301F-11D3-BF4B-00C04F79EFBC}") = "AliyunOSSClient", "AliyunOSSClient\AliyunOSSClient.csproj", "{ED502F33-0F50-4C33-BFA6-859862ADF5B6}"
EndProject
Project("{E24C65DC-7377-472B-9ABA-BC803B73C61A}") = "SPAFramework", "http://localhost:35772", "{FF4BBB6F-ACA4-4BB9-B75C-65115800B6C8}"
	ProjectSection(WebsiteProperties) = preProject
		UseIISExpress = "true"
		TargetFrameworkMoniker = ".NETFramework,Version%3Dv4.0"
		Debug.AspNetCompiler.VirtualPath = "/localhost_35772"
		Debug.AspNetCompiler.PhysicalPath = "Presentation\SPAFramework\"
		Debug.AspNetCompiler.TargetPath = "PrecompiledWeb\localhost_35772\"
		Debug.AspNetCompiler.Updateable = "true"
		Debug.AspNetCompiler.ForceOverwrite = "true"
		Debug.AspNetCompiler.FixedNames = "false"
		Debug.AspNetCompiler.Debug = "True"
		Release.AspNetCompiler.VirtualPath = "/localhost_35772"
		Release.AspNetCompiler.PhysicalPath = "Presentation\SPAFramework\"
		Release.AspNetCompiler.TargetPath = "PrecompiledWeb\localhost_35772\"
		Release.AspNetCompiler.Updateable = "true"
		Release.AspNetCompiler.ForceOverwrite = "true"
		Release.AspNetCompiler.FixedNames = "false"
		Release.AspNetCompiler.Debug = "False"
		SlnRelativePath = "Presentation\SPAFramework\"
		DefaultWebSiteLanguage = "Visual C#"
	EndProjectSection
EndProject
Global
	GlobalSection(SolutionConfigurationPlatforms) = preSolution
		Debug|Any CPU = Debug|Any CPU
		Release|Any CPU = Release|Any CPU
	EndGlobalSection
	GlobalSection(ProjectConfigurationPlatforms) = postSolution
		{A3A45048-E061-47EE-AE64-873F951A61D9}.Debug|Any CPU.ActiveCfg = Debug|Any CPU
		{A3A45048-E061-47EE-AE64-873F951A61D9}.Debug|Any CPU.Build.0 = Debug|Any CPU
		{A3A45048-E061-47EE-AE64-873F951A61D9}.Release|Any CPU.ActiveCfg = Release|Any CPU
		{A3A45048-E061-47EE-AE64-873F951A61D9}.Release|Any CPU.Build.0 = Release|Any CPU
		{BD0715C5-3295-4F30-A3E1-21598EE797A8}.Debug|Any CPU.ActiveCfg = Debug|Any CPU
		{BD0715C5-3295-4F30-A3E1-21598EE797A8}.Debug|Any CPU.Build.0 = Debug|Any CPU
		{BD0715C5-3295-4F30-A3E1-21598EE797A8}.Release|Any CPU.ActiveCfg = Release|Any CPU
		{BD0715C5-3295-4F30-A3E1-21598EE797A8}.Release|Any CPU.Build.0 = Release|Any CPU
		{380F0190-868A-48C1-9DB6-CCC1467670AA}.Debug|Any CPU.ActiveCfg = Debug|Any CPU
		{380F0190-868A-48C1-9DB6-CCC1467670AA}.Debug|Any CPU.Build.0 = Debug|Any CPU
		{380F0190-868A-48C1-9DB6-CCC1467670AA}.Release|Any CPU.ActiveCfg = Release|Any CPU
		{380F0190-868A-48C1-9DB6-CCC1467670AA}.Release|Any CPU.Build.0 = Release|Any CPU
		{EB1E9F43-D0A2-4CD1-AC0E-AA41DD6C5B56}.Debug|Any CPU.ActiveCfg = Debug|Any CPU
		{EB1E9F43-D0A2-4CD1-AC0E-AA41DD6C5B56}.Debug|Any CPU.Build.0 = Debug|Any CPU
		{EB1E9F43-D0A2-4CD1-AC0E-AA41DD6C5B56}.Release|Any CPU.ActiveCfg = Debug|Any CPU
		{EB1E9F43-D0A2-4CD1-AC0E-AA41DD6C5B56}.Release|Any CPU.Build.0 = Debug|Any CPU
		{7FFC4CFB-3E6B-4BEB-AD03-CA3DFD644A78}.Debug|Any CPU.ActiveCfg = Debug|Any CPU
		{7FFC4CFB-3E6B-4BEB-AD03-CA3DFD644A78}.Debug|Any CPU.Build.0 = Debug|Any CPU
		{7FFC4CFB-3E6B-4BEB-AD03-CA3DFD644A78}.Release|Any CPU.ActiveCfg = Release|Any CPU
		{7FFC4CFB-3E6B-4BEB-AD03-CA3DFD644A78}.Release|Any CPU.Build.0 = Release|Any CPU
		{DEF2BE91-2FFA-4247-BB9B-F4713D40259F}.Debug|Any CPU.ActiveCfg = Debug|Any CPU
		{DEF2BE91-2FFA-4247-BB9B-F4713D40259F}.Debug|Any CPU.Build.0 = Debug|Any CPU
		{DEF2BE91-2FFA-4247-BB9B-F4713D40259F}.Release|Any CPU.ActiveCfg = Release|Any CPU
		{DEF2BE91-2FFA-4247-BB9B-F4713D40259F}.Release|Any CPU.Build.0 = Release|Any CPU
		{1877B61C-0219-4E86-A5DD-5981F17C1D05}.Debug|Any CPU.ActiveCfg = Debug|Any CPU
		{1877B61C-0219-4E86-A5DD-5981F17C1D05}.Debug|Any CPU.Build.0 = Debug|Any CPU
		{1877B61C-0219-4E86-A5DD-5981F17C1D05}.Release|Any CPU.ActiveCfg = Release|Any CPU
		{1877B61C-0219-4E86-A5DD-5981F17C1D05}.Release|Any CPU.Build.0 = Release|Any CPU
		{FF36B6D0-77F4-4318-8CAD-ACE774A2D81F}.Debug|Any CPU.ActiveCfg = Debug|Any CPU
		{FF36B6D0-77F4-4318-8CAD-ACE774A2D81F}.Debug|Any CPU.Build.0 = Debug|Any CPU
		{FF36B6D0-77F4-4318-8CAD-ACE774A2D81F}.Release|Any CPU.ActiveCfg = Release|Any CPU
		{FF36B6D0-77F4-4318-8CAD-ACE774A2D81F}.Release|Any CPU.Build.0 = Release|Any CPU
		{CCF42250-78C8-42D8-A71A-D22EEE8A38A3}.Debug|Any CPU.ActiveCfg = Debug|Any CPU
		{CCF42250-78C8-42D8-A71A-D22EEE8A38A3}.Debug|Any CPU.Build.0 = Debug|Any CPU
		{CCF42250-78C8-42D8-A71A-D22EEE8A38A3}.Release|Any CPU.ActiveCfg = Release|Any CPU
		{CCF42250-78C8-42D8-A71A-D22EEE8A38A3}.Release|Any CPU.Build.0 = Release|Any CPU
		{ED502F33-0F50-4C33-BFA6-859862ADF5B6}.Debug|Any CPU.ActiveCfg = Debug|Any CPU
		{ED502F33-0F50-4C33-BFA6-859862ADF5B6}.Debug|Any CPU.Build.0 = Debug|Any CPU
		{ED502F33-0F50-4C33-BFA6-859862ADF5B6}.Release|Any CPU.ActiveCfg = Release|Any CPU
		{ED502F33-0F50-4C33-BFA6-859862ADF5B6}.Release|Any CPU.Build.0 = Release|Any CPU
		{FF4BBB6F-ACA4-4BB9-B75C-65115800B6C8}.Debug|Any CPU.ActiveCfg = Debug|Any CPU
		{FF4BBB6F-ACA4-4BB9-B75C-65115800B6C8}.Debug|Any CPU.Build.0 = Debug|Any CPU
		{FF4BBB6F-ACA4-4BB9-B75C-65115800B6C8}.Release|Any CPU.ActiveCfg = Debug|Any CPU
		{FF4BBB6F-ACA4-4BB9-B75C-65115800B6C8}.Release|Any CPU.Build.0 = Debug|Any CPU
	EndGlobalSection
	GlobalSection(SolutionProperties) = preSolution
		HideSolutionNode = FALSE
	EndGlobalSection
	GlobalSection(NestedProjects) = preSolution
		{A3A45048-E061-47EE-AE64-873F951A61D9} = {879E65FC-9A61-49ED-AD6F-9114A8D1D227}
		{BD0715C5-3295-4F30-A3E1-21598EE797A8} = {879E65FC-9A61-49ED-AD6F-9114A8D1D227}
		{380F0190-868A-48C1-9DB6-CCC1467670AA} = {30DAC311-926A-4AE2-A9C3-8C768F9FB0D0}
		{EB1E9F43-D0A2-4CD1-AC0E-AA41DD6C5B56} = {73422EF8-06AF-44F2-A3B6-1999D83D44EA}
		{7FFC4CFB-3E6B-4BEB-AD03-CA3DFD644A78} = {30DAC311-926A-4AE2-A9C3-8C768F9FB0D0}
		{DEF2BE91-2FFA-4247-BB9B-F4713D40259F} = {33939BDE-1882-4C78-8127-DD81B4B0F35E}
		{1877B61C-0219-4E86-A5DD-5981F17C1D05} = {33939BDE-1882-4C78-8127-DD81B4B0F35E}
		{FF36B6D0-77F4-4318-8CAD-ACE774A2D81F} = {33939BDE-1882-4C78-8127-DD81B4B0F35E}
		{CCF42250-78C8-42D8-A71A-D22EEE8A38A3} = {33939BDE-1882-4C78-8127-DD81B4B0F35E}
		{ED502F33-0F50-4C33-BFA6-859862ADF5B6} = {33939BDE-1882-4C78-8127-DD81B4B0F35E}
		{FF4BBB6F-ACA4-4BB9-B75C-65115800B6C8} = {73422EF8-06AF-44F2-A3B6-1999D83D44EA}
	EndGlobalSection
	GlobalSection(ExtensibilityGlobals) = postSolution
		VisualSVNWorkingCopyRoot = .
	EndGlobalSection
EndGlobal
